PODS:
  - WTBinaryFloatingPointExtensions (1.0.0)
  - WTBoolExtensions (1.0.0)
  - WTCoreGraphicsExtensions (1.0.0):
    - WTBinaryFloatingPointExtensions
    - WTUIColorExtensions
  - WTUIColorExtensions (1.0.0)

DEPENDENCIES:
  - WTBoolExtensions
  - WTCoreGraphicsExtensions (from `../`)

EXTERNAL SOURCES:
  WTCoreGraphicsExtensions:
    :path: "../"

SPEC CHECKSUMS:
  WTBinaryFloatingPointExtensions: 6022b5b20f0f432268b59c588838bf18976a763b
  WTBoolExtensions: 78a3b5a03c9c8c76e90d44fedc70f0eeb4644e73
  WTCoreGraphicsExtensions: f2c6975b9514a18becc3a3382a3d95018463cf66
  WTUIColorExtensions: b0177d75e9cf415eedc228864d896dc0bc90e606

PODFILE CHECKSUM: 6e8987b085ed2dbba09e528067ae85ab662214c9

COCOAPODS: 1.1.1
